{
  "originHash" : "fc0a4e92321cfcaee814bad1377ce3b9e3cf8f800982eba8b02e41ba8ed16ea6",
  "pins" : [
    {
      "identity" : "grdb.swift",
      "kind" : "remoteSourceControl",
      "location" : "https://github.com/groue/GRDB.swift.git",
      "state" : {
        "revision" : "04e73c26c4ce8218ab85aaf791942bb0b204f330",
        "version" : "7.4.1"
      }
    }
  ],
  "version" : 3
}
